
Microsoft Visual Studio Solution File, Format Version 12.00
# Visual Studio 15
VisualStudioVersion = 15.0.26124.0
MinimumVisualStudioVersion = 15.0.26124.0
Project("{2150E333-8FDC-42A3-9474-1A3956D46DE8}") = "src", "src", "{69371A59-C438-4848-8F9E-8528E8ADD8A4}"
EndProject
Project("{FAE04EC0-301F-11D3-BF4B-00C04F79EFBC}") = "Adapter", "src\Adapter\Adapter.csproj", "{8CB7EFC8-5898-4427-AFD8-BEF9A6232848}"
EndProject
Project("{2150E333-8FDC-42A3-9474-1A3956D46DE8}") = "tests", "tests", "{4D722129-8C37-48A9-B669-E6FE6EFEE8DD}"
EndProject
Project("{FAE04EC0-301F-11D3-BF4B-00C04F79EFBC}") = "Tests", "tests\Tests\Tests.csproj", "{8477554B-BDB8-450B-9F81-E52ADA3897FB}"
EndProject
Global
	GlobalSection(SolutionConfigurationPlatforms) = preSolution
		Debug|Any CPU = Debug|Any CPU
		Debug|x64 = Debug|x64
		Debug|x86 = Debug|x86
		Release|Any CPU = Release|Any CPU
		Release|x64 = Release|x64
		Release|x86 = Release|x86
	EndGlobalSection
	GlobalSection(SolutionProperties) = preSolution
		HideSolutionNode = FALSE
	EndGlobalSection
	GlobalSection(ProjectConfigurationPlatforms) = postSolution
		{8CB7EFC8-5898-4427-AFD8-BEF9A6232848}.Debug|Any CPU.ActiveCfg = Debug|Any CPU
		{8CB7EFC8-5898-4427-AFD8-BEF9A6232848}.Debug|Any CPU.Build.0 = Debug|Any CPU
		{8CB7EFC8-5898-4427-AFD8-BEF9A6232848}.Debug|x64.ActiveCfg = Debug|Any CPU
		{8CB7EFC8-5898-4427-AFD8-BEF9A6232848}.Debug|x64.Build.0 = Debug|Any CPU
		{8CB7EFC8-5898-4427-AFD8-BEF9A6232848}.Debug|x86.ActiveCfg = Debug|Any CPU
		{8CB7EFC8-5898-4427-AFD8-BEF9A6232848}.Debug|x86.Build.0 = Debug|Any CPU
		{8CB7EFC8-5898-4427-AFD8-BEF9A6232848}.Release|Any CPU.ActiveCfg = Release|Any CPU
		{8CB7EFC8-5898-4427-AFD8-BEF9A6232848}.Release|Any CPU.Build.0 = Release|Any CPU
		{8CB7EFC8-5898-4427-AFD8-BEF9A6232848}.Release|x64.ActiveCfg = Release|Any CPU
		{8CB7EFC8-5898-4427-AFD8-BEF9A6232848}.Release|x64.Build.0 = Release|Any CPU
		{8CB7EFC8-5898-4427-AFD8-BEF9A6232848}.Release|x86.ActiveCfg = Release|Any CPU
		{8CB7EFC8-5898-4427-AFD8-BEF9A6232848}.Release|x86.Build.0 = Release|Any CPU
		{8477554B-BDB8-450B-9F81-E52ADA3897FB}.Debug|Any CPU.ActiveCfg = Debug|Any CPU
		{8477554B-BDB8-450B-9F81-E52ADA3897FB}.Debug|Any CPU.Build.0 = Debug|Any CPU
		{8477554B-BDB8-450B-9F81-E52ADA3897FB}.Debug|x64.ActiveCfg = Debug|Any CPU
		{8477554B-BDB8-450B-9F81-E52ADA3897FB}.Debug|x64.Build.0 = Debug|Any CPU
		{8477554B-BDB8-450B-9F81-E52ADA3897FB}.Debug|x86.ActiveCfg = Debug|Any CPU
		{8477554B-BDB8-450B-9F81-E52ADA3897FB}.Debug|x86.Build.0 = Debug|Any CPU
		{8477554B-BDB8-450B-9F81-E52ADA3897FB}.Release|Any CPU.ActiveCfg = Release|Any CPU
		{8477554B-BDB8-450B-9F81-E52ADA3897FB}.Release|Any CPU.Build.0 = Release|Any CPU
		{8477554B-BDB8-450B-9F81-E52ADA3897FB}.Release|x64.ActiveCfg = Release|Any CPU
		{8477554B-BDB8-450B-9F81-E52ADA3897FB}.Release|x64.Build.0 = Release|Any CPU
		{8477554B-BDB8-450B-9F81-E52ADA3897FB}.Release|x86.ActiveCfg = Release|Any CPU
		{8477554B-BDB8-450B-9F81-E52ADA3897FB}.Release|x86.Build.0 = Release|Any CPU
	EndGlobalSection
	GlobalSection(NestedProjects) = preSolution
		{8CB7EFC8-5898-4427-AFD8-BEF9A6232848} = {69371A59-C438-4848-8F9E-8528E8ADD8A4}
		{8477554B-BDB8-450B-9F81-E52ADA3897FB} = {4D722129-8C37-48A9-B669-E6FE6EFEE8DD}
	EndGlobalSection
EndGlobal
